
Microsoft Visual Studio Solution File, Format Version 12.00
# Visual Studio Version 17
VisualStudioVersion = 17.13.35818.85
MinimumVisualStudioVersion = 10.0.40219.1
Project("{8BC9CEB8-8B4A-11D0-8D11-00A0C91BC942}") = "Problem_15_Letter_Pattern", "Problem_15_Letter_Pattern\Problem_15_Letter_Pattern.vcxproj", "{BF7C25A3-B289-40BB-8AAF-52BD729FB2C3}"
EndProject
Project("{8BC9CEB8-8B4A-11D0-8D11-00A0C91BC942}") = "Problem_16_AAA_to_ZZZ", "Problem_16_AAA_to_ZZZ\Problem_16_AAA_to_ZZZ.vcxproj", "{203D1BFE-2FE2-492F-B463-90670C108CA7}"
EndProject
Project("{8BC9CEB8-8B4A-11D0-8D11-00A0C91BC942}") = "Problem_17_Guess_Password", "Problem_17_Guess_Password\Problem_17_Guess_Password.vcxproj", "{201FA0B1-4992-41C8-986E-1DEC12AD79FF}"
EndProject
Project("{8BC9CEB8-8B4A-11D0-8D11-00A0C91BC942}") = "Problem_18_Caesar_Cipher", "Problem_18_Caesar_Cipher\Problem_18_Caesar_Cipher.vcxproj", "{CB9C0BEE-1BBB-402E-A99D-B67E81C1E35F}"
EndProject
Project("{8BC9CEB8-8B4A-11D0-8D11-00A0C91BC942}") = "Problem_19_Random_Number", "Problem_19_Random_Number\Problem_19_Random_Number.vcxproj", "{E57ACEA7-ED75-4A73-84A0-9D3D8A8DE7A4}"
EndProject
Project("{8BC9CEB8-8B4A-11D0-8D11-00A0C91BC942}") = "Problem_29_Copy_Prime_Numbers", "Problem_29_Copy_Prime_Numbers\Problem_29_Copy_Prime_Numbers.vcxproj", "{52A05C3E-705F-4A51-8612-2BF58622C5A1}"
EndProject
Project("{8BC9CEB8-8B4A-11D0-8D11-00A0C91BC942}") = "Problem_30_Sum_Of_Two_Arrays", "Problem_30_Sum_Of_Two_Arrays\Problem_30_Sum_Of_Two_Arrays.vcxproj", "{0FA9196B-35CA-4281-8E31-1797BE19CAE0}"
EndProject
Project("{8BC9CEB8-8B4A-11D0-8D11-00A0C91BC942}") = "Problem_31_Shuffle_Array", "Problem_31_Shuffle_Array\Problem_31_Shuffle_Array.vcxproj", "{A9D19EB9-2F08-407E-AF3B-C2F249DA386A}"
EndProject
Project("{8BC9CEB8-8B4A-11D0-8D11-00A0C91BC942}") = "Problem_32_Copy_Array_Reverse", "Problem_32_Copy_Array_Reverse\Problem_32_Copy_Array_Reverse.vcxproj", "{A8E42F19-D412-46EE-BBFC-BF072669A964}"
EndProject
Project("{8BC9CEB8-8B4A-11D0-8D11-00A0C91BC942}") = "Problem_33_Generate_Keys", "Problem_33_Generate_Keys\Problem_33_Generate_Keys.vcxproj", "{A5AFF99D-6C79-4920-BE48-0AE75E504DCE}"
EndProject
Project("{8BC9CEB8-8B4A-11D0-8D11-00A0C91BC942}") = "Problem_35_Find_Number_Position", "Problem_35_Find_Number_Position\Problem_35_Find_Number_Position.vcxproj", "{9F8196E7-897F-4D77-9EEA-8826AD05D147}"
EndProject
Global
	GlobalSection(SolutionConfigurationPlatforms) = preSolution
		Debug|x64 = Debug|x64
		Debug|x86 = Debug|x86
		Release|x64 = Release|x64
		Release|x86 = Release|x86
	EndGlobalSection
	GlobalSection(ProjectConfigurationPlatforms) = postSolution
		{BF7C25A3-B289-40BB-8AAF-52BD729FB2C3}.Debug|x64.ActiveCfg = Debug|x64
		{BF7C25A3-B289-40BB-8AAF-52BD729FB2C3}.Debug|x64.Build.0 = Debug|x64
		{BF7C25A3-B289-40BB-8AAF-52BD729FB2C3}.Debug|x86.ActiveCfg = Debug|Win32
		{BF7C25A3-B289-40BB-8AAF-52BD729FB2C3}.Debug|x86.Build.0 = Debug|Win32
		{BF7C25A3-B289-40BB-8AAF-52BD729FB2C3}.Release|x64.ActiveCfg = Release|x64
		{BF7C25A3-B289-40BB-8AAF-52BD729FB2C3}.Release|x64.Build.0 = Release|x64
		{BF7C25A3-B289-40BB-8AAF-52BD729FB2C3}.Release|x86.ActiveCfg = Release|Win32
		{BF7C25A3-B289-40BB-8AAF-52BD729FB2C3}.Release|x86.Build.0 = Release|Win32
		{203D1BFE-2FE2-492F-B463-90670C108CA7}.Debug|x64.ActiveCfg = Debug|x64
		{203D1BFE-2FE2-492F-B463-90670C108CA7}.Debug|x64.Build.0 = Debug|x64
		{203D1BFE-2FE2-492F-B463-90670C108CA7}.Debug|x86.ActiveCfg = Debug|Win32
		{203D1BFE-2FE2-492F-B463-90670C108CA7}.Debug|x86.Build.0 = Debug|Win32
		{203D1BFE-2FE2-492F-B463-90670C108CA7}.Release|x64.ActiveCfg = Release|x64
		{203D1BFE-2FE2-492F-B463-90670C108CA7}.Release|x64.Build.0 = Release|x64
		{203D1BFE-2FE2-492F-B463-90670C108CA7}.Release|x86.ActiveCfg = Release|Win32
		{203D1BFE-2FE2-492F-B463-90670C108CA7}.Release|x86.Build.0 = Release|Win32
		{201FA0B1-4992-41C8-986E-1DEC12AD79FF}.Debug|x64.ActiveCfg = Debug|x64
		{201FA0B1-4992-41C8-986E-1DEC12AD79FF}.Debug|x64.Build.0 = Debug|x64
		{201FA0B1-4992-41C8-986E-1DEC12AD79FF}.Debug|x86.ActiveCfg = Debug|Win32
		{201FA0B1-4992-41C8-986E-1DEC12AD79FF}.Debug|x86.Build.0 = Debug|Win32
		{201FA0B1-4992-41C8-986E-1DEC12AD79FF}.Release|x64.ActiveCfg = Release|x64
		{201FA0B1-4992-41C8-986E-1DEC12AD79FF}.Release|x64.Build.0 = Release|x64
		{201FA0B1-4992-41C8-986E-1DEC12AD79FF}.Release|x86.ActiveCfg = Release|Win32
		{201FA0B1-4992-41C8-986E-1DEC12AD79FF}.Release|x86.Build.0 = Release|Win32
		{CB9C0BEE-1BBB-402E-A99D-B67E81C1E35F}.Debug|x64.ActiveCfg = Debug|x64
		{CB9C0BEE-1BBB-402E-A99D-B67E81C1E35F}.Debug|x64.Build.0 = Debug|x64
		{CB9C0BEE-1BBB-402E-A99D-B67E81C1E35F}.Debug|x86.ActiveCfg = Debug|Win32
		{CB9C0BEE-1BBB-402E-A99D-B67E81C1E35F}.Debug|x86.Build.0 = Debug|Win32
		{CB9C0BEE-1BBB-402E-A99D-B67E81C1E35F}.Release|x64.ActiveCfg = Release|x64
		{CB9C0BEE-1BBB-402E-A99D-B67E81C1E35F}.Release|x64.Build.0 = Release|x64
		{CB9C0BEE-1BBB-402E-A99D-B67E81C1E35F}.Release|x86.ActiveCfg = Release|Win32
		{CB9C0BEE-1BBB-402E-A99D-B67E81C1E35F}.Release|x86.Build.0 = Release|Win32
		{E57ACEA7-ED75-4A73-84A0-9D3D8A8DE7A4}.Debug|x64.ActiveCfg = Debug|x64
		{E57ACEA7-ED75-4A73-84A0-9D3D8A8DE7A4}.Debug|x64.Build.0 = Debug|x64
		{E57ACEA7-ED75-4A73-84A0-9D3D8A8DE7A4}.Debug|x86.ActiveCfg = Debug|Win32
		{E57ACEA7-ED75-4A73-84A0-9D3D8A8DE7A4}.Debug|x86.Build.0 = Debug|Win32
		{E57ACEA7-ED75-4A73-84A0-9D3D8A8DE7A4}.Release|x64.ActiveCfg = Release|x64
		{E57ACEA7-ED75-4A73-84A0-9D3D8A8DE7A4}.Release|x64.Build.0 = Release|x64
		{E57ACEA7-ED75-4A73-84A0-9D3D8A8DE7A4}.Release|x86.ActiveCfg = Release|Win32
		{E57ACEA7-ED75-4A73-84A0-9D3D8A8DE7A4}.Release|x86.Build.0 = Release|Win32
		{52A05C3E-705F-4A51-8612-2BF58622C5A1}.Debug|x64.ActiveCfg = Debug|x64
		{52A05C3E-705F-4A51-8612-2BF58622C5A1}.Debug|x64.Build.0 = Debug|x64
		{52A05C3E-705F-4A51-8612-2BF58622C5A1}.Debug|x86.ActiveCfg = Debug|Win32
		{52A05C3E-705F-4A51-8612-2BF58622C5A1}.Debug|x86.Build.0 = Debug|Win32
		{52A05C3E-705F-4A51-8612-2BF58622C5A1}.Release|x64.ActiveCfg = Release|x64
		{52A05C3E-705F-4A51-8612-2BF58622C5A1}.Release|x64.Build.0 = Release|x64
		{52A05C3E-705F-4A51-8612-2BF58622C5A1}.Release|x86.ActiveCfg = Release|Win32
		{52A05C3E-705F-4A51-8612-2BF58622C5A1}.Release|x86.Build.0 = Release|Win32
		{0FA9196B-35CA-4281-8E31-1797BE19CAE0}.Debug|x64.ActiveCfg = Debug|x64
		{0FA9196B-35CA-4281-8E31-1797BE19CAE0}.Debug|x64.Build.0 = Debug|x64
		{0FA9196B-35CA-4281-8E31-1797BE19CAE0}.Debug|x86.ActiveCfg = Debug|Win32
		{0FA9196B-35CA-4281-8E31-1797BE19CAE0}.Debug|x86.Build.0 = Debug|Win32
		{0FA9196B-35CA-4281-8E31-1797BE19CAE0}.Release|x64.ActiveCfg = Release|x64
		{0FA9196B-35CA-4281-8E31-1797BE19CAE0}.Release|x64.Build.0 = Release|x64
		{0FA9196B-35CA-4281-8E31-1797BE19CAE0}.Release|x86.ActiveCfg = Release|Win32
		{0FA9196B-35CA-4281-8E31-1797BE19CAE0}.Release|x86.Build.0 = Release|Win32
		{A9D19EB9-2F08-407E-AF3B-C2F249DA386A}.Debug|x64.ActiveCfg = Debug|x64
		{A9D19EB9-2F08-407E-AF3B-C2F249DA386A}.Debug|x64.Build.0 = Debug|x64
		{A9D19EB9-2F08-407E-AF3B-C2F249DA386A}.Debug|x86.ActiveCfg = Debug|Win32
		{A9D19EB9-2F08-407E-AF3B-C2F249DA386A}.Debug|x86.Build.0 = Debug|Win32
		{A9D19EB9-2F08-407E-AF3B-C2F249DA386A}.Release|x64.ActiveCfg = Release|x64
		{A9D19EB9-2F08-407E-AF3B-C2F249DA386A}.Release|x64.Build.0 = Release|x64
		{A9D19EB9-2F08-407E-AF3B-C2F249DA386A}.Release|x86.ActiveCfg = Release|Win32
		{A9D19EB9-2F08-407E-AF3B-C2F249DA386A}.Release|x86.Build.0 = Release|Win32
		{A8E42F19-D412-46EE-BBFC-BF072669A964}.Debug|x64.ActiveCfg = Debug|x64
		{A8E42F19-D412-46EE-BBFC-BF072669A964}.Debug|x64.Build.0 = Debug|x64
		{A8E42F19-D412-46EE-BBFC-BF072669A964}.Debug|x86.ActiveCfg = Debug|Win32
		{A8E42F19-D412-46EE-BBFC-BF072669A964}.Debug|x86.Build.0 = Debug|Win32
		{A8E42F19-D412-46EE-BBFC-BF072669A964}.Release|x64.ActiveCfg = Release|x64
		{A8E42F19-D412-46EE-BBFC-BF072669A964}.Release|x64.Build.0 = Release|x64
		{A8E42F19-D412-46EE-BBFC-BF072669A964}.Release|x86.ActiveCfg = Release|Win32
		{A8E42F19-D412-46EE-BBFC-BF072669A964}.Release|x86.Build.0 = Release|Win32
		{A5AFF99D-6C79-4920-BE48-0AE75E504DCE}.Debug|x64.ActiveCfg = Debug|x64
		{A5AFF99D-6C79-4920-BE48-0AE75E504DCE}.Debug|x64.Build.0 = Debug|x64
		{A5AFF99D-6C79-4920-BE48-0AE75E504DCE}.Debug|x86.ActiveCfg = Debug|Win32
		{A5AFF99D-6C79-4920-BE48-0AE75E504DCE}.Debug|x86.Build.0 = Debug|Win32
		{A5AFF99D-6C79-4920-BE48-0AE75E504DCE}.Release|x64.ActiveCfg = Release|x64
		{A5AFF99D-6C79-4920-BE48-0AE75E504DCE}.Release|x64.Build.0 = Release|x64
		{A5AFF99D-6C79-4920-BE48-0AE75E504DCE}.Release|x86.ActiveCfg = Release|Win32
		{A5AFF99D-6C79-4920-BE48-0AE75E504DCE}.Release|x86.Build.0 = Release|Win32
		{9F8196E7-897F-4D77-9EEA-8826AD05D147}.Debug|x64.ActiveCfg = Debug|x64
		{9F8196E7-897F-4D77-9EEA-8826AD05D147}.Debug|x64.Build.0 = Debug|x64
		{9F8196E7-897F-4D77-9EEA-8826AD05D147}.Debug|x86.ActiveCfg = Debug|Win32
		{9F8196E7-897F-4D77-9EEA-8826AD05D147}.Debug|x86.Build.0 = Debug|Win32
		{9F8196E7-897F-4D77-9EEA-8826AD05D147}.Release|x64.ActiveCfg = Release|x64
		{9F8196E7-897F-4D77-9EEA-8826AD05D147}.Release|x64.Build.0 = Release|x64
		{9F8196E7-897F-4D77-9EEA-8826AD05D147}.Release|x86.ActiveCfg = Release|Win32
		{9F8196E7-897F-4D77-9EEA-8826AD05D147}.Release|x86.Build.0 = Release|Win32
	EndGlobalSection
	GlobalSection(SolutionProperties) = preSolution
		HideSolutionNode = FALSE
	EndGlobalSection
	GlobalSection(ExtensibilityGlobals) = postSolution
		SolutionGuid = {F31CBDB9-5EDC-4289-84AF-DF81A1A8D854}
	EndGlobalSection
EndGlobal
